
Microsoft Visual Studio Solution File, Format Version 12.00
# Visual Studio Version 17
VisualStudioVersion = 17.3.32929.385
MinimumVisualStudioVersion = 10.0.40219.1
Project("{9A19103F-16F7-4668-BE54-9A1E7A4F7556}") = "Blockchain.Lib", "Blockchain.Lib\Blockchain.Lib.csproj", "{9A932144-7202-4A7F-81A2-47BFD44D6D5C}"
EndProject
Project("{9A19103F-16F7-4668-BE54-9A1E7A4F7556}") = "Blockchain.Block1", "Blockchain.Block1\Blockchain.Block1.csproj", "{9AB7AB68-0B02-429B-9B6F-BDF89E1C7672}"
EndProject
Project("{9A19103F-16F7-4668-BE54-9A1E7A4F7556}") = "Blockchain.Block2", "Blockchain.Block2\Blockchain.Block2.csproj", "{D08AABF5-64F8-4E95-B938-70635BB7CB56}"
EndProject
Project("{9A19103F-16F7-4668-BE54-9A1E7A4F7556}") = "Blockchain.Block3", "Blockchain.Block3\Blockchain.Block3.csproj", "{47209C89-9915-4569-A2AF-27073CD39134}"
EndProject
Project("{FAE04EC0-301F-11D3-BF4B-00C04F79EFBC}") = "Blockchain.Main", "Blockchain.Main\Blockchain.Main.csproj", "{FD3AB5E0-21E6-4E66-99A3-1AEED90152B2}"
EndProject
Global
	GlobalSection(SolutionConfigurationPlatforms) = preSolution
		Debug|Any CPU = Debug|Any CPU
		Release|Any CPU = Release|Any CPU
	EndGlobalSection
	GlobalSection(ProjectConfigurationPlatforms) = postSolution
		{9A932144-7202-4A7F-81A2-47BFD44D6D5C}.Debug|Any CPU.ActiveCfg = Debug|Any CPU
		{9A932144-7202-4A7F-81A2-47BFD44D6D5C}.Debug|Any CPU.Build.0 = Debug|Any CPU
		{9A932144-7202-4A7F-81A2-47BFD44D6D5C}.Release|Any CPU.ActiveCfg = Release|Any CPU
		{9A932144-7202-4A7F-81A2-47BFD44D6D5C}.Release|Any CPU.Build.0 = Release|Any CPU
		{9AB7AB68-0B02-429B-9B6F-BDF89E1C7672}.Debug|Any CPU.ActiveCfg = Debug|Any CPU
		{9AB7AB68-0B02-429B-9B6F-BDF89E1C7672}.Debug|Any CPU.Build.0 = Debug|Any CPU
		{9AB7AB68-0B02-429B-9B6F-BDF89E1C7672}.Release|Any CPU.ActiveCfg = Release|Any CPU
		{9AB7AB68-0B02-429B-9B6F-BDF89E1C7672}.Release|Any CPU.Build.0 = Release|Any CPU
		{D08AABF5-64F8-4E95-B938-70635BB7CB56}.Debug|Any CPU.ActiveCfg = Debug|Any CPU
		{D08AABF5-64F8-4E95-B938-70635BB7CB56}.Debug|Any CPU.Build.0 = Debug|Any CPU
		{D08AABF5-64F8-4E95-B938-70635BB7CB56}.Release|Any CPU.ActiveCfg = Release|Any CPU
		{D08AABF5-64F8-4E95-B938-70635BB7CB56}.Release|Any CPU.Build.0 = Release|Any CPU
		{47209C89-9915-4569-A2AF-27073CD39134}.Debug|Any CPU.ActiveCfg = Debug|Any CPU
		{47209C89-9915-4569-A2AF-27073CD39134}.Debug|Any CPU.Build.0 = Debug|Any CPU
		{47209C89-9915-4569-A2AF-27073CD39134}.Release|Any CPU.ActiveCfg = Release|Any CPU
		{47209C89-9915-4569-A2AF-27073CD39134}.Release|Any CPU.Build.0 = Release|Any CPU
		{FD3AB5E0-21E6-4E66-99A3-1AEED90152B2}.Debug|Any CPU.ActiveCfg = Debug|Any CPU
		{FD3AB5E0-21E6-4E66-99A3-1AEED90152B2}.Debug|Any CPU.Build.0 = Debug|Any CPU
		{FD3AB5E0-21E6-4E66-99A3-1AEED90152B2}.Release|Any CPU.ActiveCfg = Release|Any CPU
		{FD3AB5E0-21E6-4E66-99A3-1AEED90152B2}.Release|Any CPU.Build.0 = Release|Any CPU
	EndGlobalSection
	GlobalSection(SolutionProperties) = preSolution
		HideSolutionNode = FALSE
	EndGlobalSection
	GlobalSection(ExtensibilityGlobals) = postSolution
		SolutionGuid = {811AB4F5-1648-484D-9909-10EE6676C9C7}
	EndGlobalSection
EndGlobal
